
Microsoft Visual Studio Solution File, Format Version 12.00
# Visual Studio Version 16
VisualStudioVersion = 16.0.31005.135
MinimumVisualStudioVersion = 10.0.40219.1
Project("{9A19103F-16F7-4668-BE54-9A1E7A4F7556}") = "Anade.Khadamat.Domain", "Anade.Khadamat.Domain\Anade.Khadamat.Domain.csproj", "{8503C83A-60C7-4E30-87BA-C43391BB18A0}"
EndProject
Project("{9A19103F-16F7-4668-BE54-9A1E7A4F7556}") = "Anade.Khadamat.Api", "Anade.Khadamat.Api\Anade.Khadamat.Api.csproj", "{B6565EFB-0572-463B-A128-86E9D8A8103D}"
EndProject
Project("{9A19103F-16F7-4668-BE54-9A1E7A4F7556}") = "Anade.Khadamat.Data", "Anade.Khadamat.Data\Anade.Khadamat.Data.csproj", "{54A7A432-0600-4DFB-AD86-742A3B9707A9}"
EndProject
Project("{9A19103F-16F7-4668-BE54-9A1E7A4F7556}") = "Anade.Khadamat.Business", "Anade.Khadamat.Business\Anade.Khadamat.Business.csproj", "{227FC418-8282-48C5-9DB4-D8C48668C4A8}"
EndProject
Project("{9A19103F-16F7-4668-BE54-9A1E7A4F7556}") = "Anade.Data.Abstractions", "Anade.Data.Abstractions\Anade.Data.Abstractions.csproj", "{EB450E0B-9A88-468B-A2C7-B980F0813765}"
EndProject
Project("{9A19103F-16F7-4668-BE54-9A1E7A4F7556}") = "Anade.Data.Core", "Anade.Data.Core\Anade.Data.Core.csproj", "{A24D4F91-9F6F-4DDA-949A-A7DCBA2E8DA4}"
EndProject
Project("{9A19103F-16F7-4668-BE54-9A1E7A4F7556}") = "Anade.Business.Core", "Anade.Business.Core\Anade.Business.Core.csproj", "{65D04573-1BC8-429D-9677-1638D4C4BF5A}"
EndProject
Project("{9A19103F-16F7-4668-BE54-9A1E7A4F7556}") = "Anade.Domain.Core", "Anade.Domain.Core\Anade.Domain.Core.csproj", "{980758F7-55A9-42C1-BD06-335A04D0B7EF}"
EndProject
Project("{9A19103F-16F7-4668-BE54-9A1E7A4F7556}") = "Anade.Khadamat.Web", "Anade.Khadamat.Web\Anade.Khadamat.Web.csproj", "{E0550DED-DD9E-44CC-83A2-FF6B4B5CC66B}"
EndProject
Project("{2150E333-8FDC-42A3-9474-1A3956D46DE8}") = "src", "src", "{30668B6A-60B0-48FD-AE77-34DB88A99198}"
EndProject
Project("{2150E333-8FDC-42A3-9474-1A3956D46DE8}") = "Application Core", "Application Core", "{9BC07CA8-9959-49A1-8259-9FF9B3656C70}"
EndProject
Project("{2150E333-8FDC-42A3-9474-1A3956D46DE8}") = "Application Domain", "Application Domain", "{ACB00335-1D8C-48E2-8E32-837DA9B30238}"
EndProject
Project("{2150E333-8FDC-42A3-9474-1A3956D46DE8}") = "Infrastructure", "Infrastructure", "{AB3F8DC3-4FBC-4219-9A97-41B1B991AEC4}"
EndProject
Project("{2150E333-8FDC-42A3-9474-1A3956D46DE8}") = "Presentation", "Presentation", "{373E88A9-AD83-4571-8705-F49122CF0EE7}"
EndProject
Project("{9A19103F-16F7-4668-BE54-9A1E7A4F7556}") = "Anade.Khadamat.Identity", "Anade.Khadamat.Identity\Anade.Khadamat.Identity.csproj", "{09453B0D-A4DA-43C6-B318-D856E1EADFAF}"
EndProject
Global
	GlobalSection(SolutionConfigurationPlatforms) = preSolution
		Debug|Any CPU = Debug|Any CPU
		Release|Any CPU = Release|Any CPU
	EndGlobalSection
	GlobalSection(ProjectConfigurationPlatforms) = postSolution
		{8503C83A-60C7-4E30-87BA-C43391BB18A0}.Debug|Any CPU.ActiveCfg = Debug|Any CPU
		{8503C83A-60C7-4E30-87BA-C43391BB18A0}.Debug|Any CPU.Build.0 = Debug|Any CPU
		{8503C83A-60C7-4E30-87BA-C43391BB18A0}.Release|Any CPU.ActiveCfg = Release|Any CPU
		{8503C83A-60C7-4E30-87BA-C43391BB18A0}.Release|Any CPU.Build.0 = Release|Any CPU
		{B6565EFB-0572-463B-A128-86E9D8A8103D}.Debug|Any CPU.ActiveCfg = Debug|Any CPU
		{B6565EFB-0572-463B-A128-86E9D8A8103D}.Debug|Any CPU.Build.0 = Debug|Any CPU
		{B6565EFB-0572-463B-A128-86E9D8A8103D}.Release|Any CPU.ActiveCfg = Release|Any CPU
		{B6565EFB-0572-463B-A128-86E9D8A8103D}.Release|Any CPU.Build.0 = Release|Any CPU
		{54A7A432-0600-4DFB-AD86-742A3B9707A9}.Debug|Any CPU.ActiveCfg = Debug|Any CPU
		{54A7A432-0600-4DFB-AD86-742A3B9707A9}.Debug|Any CPU.Build.0 = Debug|Any CPU
		{54A7A432-0600-4DFB-AD86-742A3B9707A9}.Release|Any CPU.ActiveCfg = Release|Any CPU
		{54A7A432-0600-4DFB-AD86-742A3B9707A9}.Release|Any CPU.Build.0 = Release|Any CPU
		{227FC418-8282-48C5-9DB4-D8C48668C4A8}.Debug|Any CPU.ActiveCfg = Debug|Any CPU
		{227FC418-8282-48C5-9DB4-D8C48668C4A8}.Debug|Any CPU.Build.0 = Debug|Any CPU
		{227FC418-8282-48C5-9DB4-D8C48668C4A8}.Release|Any CPU.ActiveCfg = Release|Any CPU
		{227FC418-8282-48C5-9DB4-D8C48668C4A8}.Release|Any CPU.Build.0 = Release|Any CPU
		{EB450E0B-9A88-468B-A2C7-B980F0813765}.Debug|Any CPU.ActiveCfg = Debug|Any CPU
		{EB450E0B-9A88-468B-A2C7-B980F0813765}.Debug|Any CPU.Build.0 = Debug|Any CPU
		{EB450E0B-9A88-468B-A2C7-B980F0813765}.Release|Any CPU.ActiveCfg = Release|Any CPU
		{EB450E0B-9A88-468B-A2C7-B980F0813765}.Release|Any CPU.Build.0 = Release|Any CPU
		{A24D4F91-9F6F-4DDA-949A-A7DCBA2E8DA4}.Debug|Any CPU.ActiveCfg = Debug|Any CPU
		{A24D4F91-9F6F-4DDA-949A-A7DCBA2E8DA4}.Debug|Any CPU.Build.0 = Debug|Any CPU
		{A24D4F91-9F6F-4DDA-949A-A7DCBA2E8DA4}.Release|Any CPU.ActiveCfg = Release|Any CPU
		{A24D4F91-9F6F-4DDA-949A-A7DCBA2E8DA4}.Release|Any CPU.Build.0 = Release|Any CPU
		{65D04573-1BC8-429D-9677-1638D4C4BF5A}.Debug|Any CPU.ActiveCfg = Debug|Any CPU
		{65D04573-1BC8-429D-9677-1638D4C4BF5A}.Debug|Any CPU.Build.0 = Debug|Any CPU
		{65D04573-1BC8-429D-9677-1638D4C4BF5A}.Release|Any CPU.ActiveCfg = Release|Any CPU
		{65D04573-1BC8-429D-9677-1638D4C4BF5A}.Release|Any CPU.Build.0 = Release|Any CPU
		{980758F7-55A9-42C1-BD06-335A04D0B7EF}.Debug|Any CPU.ActiveCfg = Debug|Any CPU
		{980758F7-55A9-42C1-BD06-335A04D0B7EF}.Debug|Any CPU.Build.0 = Debug|Any CPU
		{980758F7-55A9-42C1-BD06-335A04D0B7EF}.Release|Any CPU.ActiveCfg = Release|Any CPU
		{980758F7-55A9-42C1-BD06-335A04D0B7EF}.Release|Any CPU.Build.0 = Release|Any CPU
		{E0550DED-DD9E-44CC-83A2-FF6B4B5CC66B}.Debug|Any CPU.ActiveCfg = Debug|Any CPU
		{E0550DED-DD9E-44CC-83A2-FF6B4B5CC66B}.Debug|Any CPU.Build.0 = Debug|Any CPU
		{E0550DED-DD9E-44CC-83A2-FF6B4B5CC66B}.Release|Any CPU.ActiveCfg = Release|Any CPU
		{E0550DED-DD9E-44CC-83A2-FF6B4B5CC66B}.Release|Any CPU.Build.0 = Release|Any CPU
		{09453B0D-A4DA-43C6-B318-D856E1EADFAF}.Debug|Any CPU.ActiveCfg = Debug|Any CPU
		{09453B0D-A4DA-43C6-B318-D856E1EADFAF}.Debug|Any CPU.Build.0 = Debug|Any CPU
		{09453B0D-A4DA-43C6-B318-D856E1EADFAF}.Release|Any CPU.ActiveCfg = Release|Any CPU
		{09453B0D-A4DA-43C6-B318-D856E1EADFAF}.Release|Any CPU.Build.0 = Release|Any CPU
	EndGlobalSection
	GlobalSection(SolutionProperties) = preSolution
		HideSolutionNode = FALSE
	EndGlobalSection
	GlobalSection(NestedProjects) = preSolution
		{8503C83A-60C7-4E30-87BA-C43391BB18A0} = {ACB00335-1D8C-48E2-8E32-837DA9B30238}
		{B6565EFB-0572-463B-A128-86E9D8A8103D} = {373E88A9-AD83-4571-8705-F49122CF0EE7}
		{54A7A432-0600-4DFB-AD86-742A3B9707A9} = {AB3F8DC3-4FBC-4219-9A97-41B1B991AEC4}
		{227FC418-8282-48C5-9DB4-D8C48668C4A8} = {ACB00335-1D8C-48E2-8E32-837DA9B30238}
		{EB450E0B-9A88-468B-A2C7-B980F0813765} = {9BC07CA8-9959-49A1-8259-9FF9B3656C70}
		{A24D4F91-9F6F-4DDA-949A-A7DCBA2E8DA4} = {9BC07CA8-9959-49A1-8259-9FF9B3656C70}
		{65D04573-1BC8-429D-9677-1638D4C4BF5A} = {9BC07CA8-9959-49A1-8259-9FF9B3656C70}
		{980758F7-55A9-42C1-BD06-335A04D0B7EF} = {9BC07CA8-9959-49A1-8259-9FF9B3656C70}
		{E0550DED-DD9E-44CC-83A2-FF6B4B5CC66B} = {373E88A9-AD83-4571-8705-F49122CF0EE7}
		{9BC07CA8-9959-49A1-8259-9FF9B3656C70} = {30668B6A-60B0-48FD-AE77-34DB88A99198}
		{ACB00335-1D8C-48E2-8E32-837DA9B30238} = {30668B6A-60B0-48FD-AE77-34DB88A99198}
		{AB3F8DC3-4FBC-4219-9A97-41B1B991AEC4} = {30668B6A-60B0-48FD-AE77-34DB88A99198}
		{373E88A9-AD83-4571-8705-F49122CF0EE7} = {30668B6A-60B0-48FD-AE77-34DB88A99198}
		{09453B0D-A4DA-43C6-B318-D856E1EADFAF} = {373E88A9-AD83-4571-8705-F49122CF0EE7}
	EndGlobalSection
	GlobalSection(ExtensibilityGlobals) = postSolution
		SolutionGuid = {54F3170B-A453-472B-837A-72027E39AAAF}
	EndGlobalSection
EndGlobal
